# This file was autogenerated by Stack.
# You should not edit this file by hand.
# For more information, please see the documentation at:
#   https://docs.haskellstack.org/en/stable/lock_files

packages:
- completed:
    hackage: Cabal-3.2.1.0@sha256:8743076ec022296f9771d962000c9ca3a0fe02e68c37b992c63e382a675f791d,27482
    pantry-tree:
      sha256: 92682a2aab8d967de341acff88525376eb9a31f53f094e0878c51c2886564f3a
      size: 41224
  original:
    hackage: Cabal-3.2.1.0
- completed:
    hackage: llvm-hs-9.0.0@sha256:ee6ec2eb8cba4daf2a43586388a87dbfd6a2ec6d81d1f9965896ac187acad286,8700
    pantry-tree:
      sha256: 537616dec1351bd9f7905182f82f132359cf3058ebbb059c03b4edcef04b2689
      size: 13599
  original:
    hackage: llvm-hs-9.0.0
- completed:
    hackage: containers-0.6.2.1@sha256:550b39286f70c39402a21e61f0f8a8b19e0f2b9270197d8524b8f3cbe4f43ee1,2561
    pantry-tree:
      sha256: 0463a6f54ce2fcddb0def77c78a013a982f84aa88c923ab1f6ffe3c51aaa0775
      size: 2823
  original:
    hackage: containers-0.6.2.1
snapshots:
- completed:
    sha256: 22d24d0dacad9c1450b9a174c28d203f9bb482a2a8da9710a2f2a9f4afee2887
    size: 585817
    url: https://raw.githubusercontent.com/commercialhaskell/stackage-snapshots/master/lts/18/5.yaml
  original: lts-18.5
