# This file was autogenerated by Stack.
# You should not edit this file by hand.
# For more information, please see the documentation at:
#   https://docs.haskellstack.org/en/stable/lock_files

packages:
- completed:
    hackage: Cabal-3.2.1.0@sha256:8743076ec022296f9771d962000c9ca3a0fe02e68c37b992c63e382a675f791d,27482
    pantry-tree:
      sha256: 92682a2aab8d967de341acff88525376eb9a31f53f094e0878c51c2886564f3a
      size: 41224
  original:
    hackage: Cabal-3.2.1.0
snapshots:
- completed:
    sha256: adbc602422dde10cc330175da7de8609e70afc41449a7e2d6e8b1827aa0e5008
    size: 649342
    url: https://raw.githubusercontent.com/commercialhaskell/stackage-snapshots/master/lts/20/11.yaml
  original: lts-20.11
