# This file was autogenerated by Stack.
# You should not edit this file by hand.
# For more information, please see the documentation at:
#   https://docs.haskellstack.org/en/stable/lock_files

packages:
- completed:
    hackage: Cabal-3.2.1.0@sha256:8743076ec022296f9771d962000c9ca3a0fe02e68c37b992c63e382a675f791d,27482
    pantry-tree:
      sha256: 92682a2aab8d967de341acff88525376eb9a31f53f094e0878c51c2886564f3a
      size: 41224
  original:
    hackage: Cabal-3.2.1.0
- completed:
    hackage: containers-0.6.2.1@sha256:550b39286f70c39402a21e61f0f8a8b19e0f2b9270197d8524b8f3cbe4f43ee1,2561
    pantry-tree:
      sha256: 0463a6f54ce2fcddb0def77c78a013a982f84aa88c923ab1f6ffe3c51aaa0775
      size: 2823
  original:
    hackage: containers-0.6.2.1
- completed:
    hackage: data-elf-0.2@sha256:37bb4e353f9ac62d87b0a0e40a20b65e4501dff606b8ef31078de289a8220577,973
    pantry-tree:
      sha256: a651abe8e41c765af95e2450b41d4a91c48b438dad1322a091e6eaf7f094c540
      size: 256
  original:
    hackage: data-elf-0.2
- completed:
    hackage: data-flags-0.0.3.4@sha256:a133f2912e0e22f03419dc89a04b1e117ff6290f1777f5b7f037f683b80ed2cf,1097
    pantry-tree:
      sha256: fabce261d22601659cc3aeab1d5bb8f918dd3f8a8b01a8b9c483a08113a2535a
      size: 383
  original:
    hackage: data-flags-0.0.3.4
- completed:
    hackage: data-sword-0.2.0.3@sha256:953cca4b4533a388df0ef17e06ac5530652d1d73decfe8b656242ccdf4b40999,1568
    pantry-tree:
      sha256: 60a104a3d3cbba2e099a9e7ce561322b2884f5323cf74fd876dfb59f265d803c
      size: 439
  original:
    hackage: data-sword-0.2.0.3
snapshots:
- completed:
    sha256: 22d24d0dacad9c1450b9a174c28d203f9bb482a2a8da9710a2f2a9f4afee2887
    size: 585817
    url: https://raw.githubusercontent.com/commercialhaskell/stackage-snapshots/master/lts/18/5.yaml
  original: lts-18.5
